
Microsoft Visual Studio Solution File, Format Version 12.00
# Visual Studio Version 16
VisualStudioVersion = 25.0.1706.9
MinimumVisualStudioVersion = 10.0.40219.1
Project("{FAE04EC0-301F-11D3-BF4B-00C04F79EFBC}") = "ARandomizerMod", "ARandomizerMod.csproj", "{A3CFCA3F-044D-4BB8-B8E2-3369D8004F27}"
EndProject
Global
	GlobalSection(SolutionConfigurationPlatforms) = preSolution
		Debug|Any CPU = Debug|Any CPU
		Release|Any CPU = Release|Any CPU
	EndGlobalSection
	GlobalSection(ProjectConfigurationPlatforms) = postSolution
		{A3CFCA3F-044D-4BB8-B8E2-3369D8004F27}.Debug|Any CPU.ActiveCfg = Debug|Any CPU
		{A3CFCA3F-044D-4BB8-B8E2-3369D8004F27}.Debug|Any CPU.Build.0 = Debug|Any CPU
		{A3CFCA3F-044D-4BB8-B8E2-3369D8004F27}.Release|Any CPU.ActiveCfg = Release|Any CPU
		{A3CFCA3F-044D-4BB8-B8E2-3369D8004F27}.Release|Any CPU.Build.0 = Release|Any CPU
	EndGlobalSection
	GlobalSection(SolutionProperties) = preSolution
		HideSolutionNode = FALSE
	EndGlobalSection
	GlobalSection(ExtensibilityGlobals) = postSolution
		SolutionGuid = {50D1FAB6-0DAD-4423-8388-DCAADAB0E036}
	EndGlobalSection
EndGlobal
